// !$*UTF8*$!
{
	archiveVersion = 1;
	classes = {
	};
	objectVersion = 56;
	objects = {

/* Begin PBXBuildFile section */
		064E85822AE50F0B00C424A3 /* MyFirstAppApp.swift in Sources */ = {isa = PBXBuildFile; fileRef = 064E85812AE50F0B00C424A3 /* MyFirstAppApp.swift */; };
		064E85842AE50F0B00C424A3 /* ContentView.swift in Sources */ = {isa = PBXBuildFile; fileRef = 064E85832AE50F0B00C424A3 /* ContentView.swift */; };
		064E85862AE50F0D00C424A3 /* Assets.xcassets in Resources */ = {isa = PBXBuildFile; fileRef = 064E85852AE50F0D00C424A3 /* Assets.xcassets */; };
		064E85892AE50F0D00C424A3 /* Preview Assets.xcassets in Resources */ = {isa = PBXBuildFile; fileRef = 064E85882AE50F0D00C424A3 /* Preview Assets.xcassets */; };
		B405600D2AE6922300940B9C /* Assignment1.swift in Sources */ = {isa = PBXBuildFile; fileRef = B405600C2AE6922300940B9C /* Assignment1.swift */; };
		B40920322AE8F00100DADB99 /* ExploreView.swift in Sources */ = {isa = PBXBuildFile; fileRef = B40920312AE8F00100DADB99 /* ExploreView.swift */; };
		B40920342AE8F08100DADB99 /* NotificationsView.swift in Sources */ = {isa = PBXBuildFile; fileRef = B40920332AE8F08100DADB99 /* NotificationsView.swift */; };
		B42D28512AE79A53000667A8 /* SuccessLogin.swift in Sources */ = {isa = PBXBuildFile; fileRef = B42D28502AE79A53000667A8 /* SuccessLogin.swift */; };
		B42D286F2AE7D6F5000667A8 /* HomeView.swift in Sources */ = {isa = PBXBuildFile; fileRef = B42D286E2AE7D6F5000667A8 /* HomeView.swift */; };
		B42D28712AE857AC000667A8 /* CheckView.swift in Sources */ = {isa = PBXBuildFile; fileRef = B42D28702AE857AC000667A8 /* CheckView.swift */; };
		B44BFA602AE6EB0800843B5E /* OnBoardingView3.swift in Sources */ = {isa = PBXBuildFile; fileRef = B44BFA5F2AE6EB0800843B5E /* OnBoardingView3.swift */; };
		B44BFA642AE6EB5100843B5E /* OnBoardingView2.swift in Sources */ = {isa = PBXBuildFile; fileRef = B44BFA632AE6EB5100843B5E /* OnBoardingView2.swift */; };
		B44BFA662AE6ED7C00843B5E /* MainOnBoardingView.swift in Sources */ = {isa = PBXBuildFile; fileRef = B44BFA652AE6ED7C00843B5E /* MainOnBoardingView.swift */; };
		B44BFA692AE6FF8300843B5E /* LoginView.swift in Sources */ = {isa = PBXBuildFile; fileRef = B44BFA682AE6FF8300843B5E /* LoginView.swift */; };
		B47CF24E2AE6597700661748 /* SplashView.swift in Sources */ = {isa = PBXBuildFile; fileRef = B47CF24D2AE6597700661748 /* SplashView.swift */; };
		B47CF2502AE65E7600661748 /* OnBoardingView.swift in Sources */ = {isa = PBXBuildFile; fileRef = B47CF24F2AE65E7600661748 /* OnBoardingView.swift */; };
		B47CF2542AE687FD00661748 /* Assign 1.swift in Sources */ = {isa = PBXBuildFile; fileRef = B47CF2532AE687FD00661748 /* Assign 1.swift */; };
		B47CF2562AE689FA00661748 /* Assign 2.swift in Sources */ = {isa = PBXBuildFile; fileRef = B47CF2552AE689FA00661748 /* Assign 2.swift */; };
		B47CF2582AE68AE200661748 /* Assign 3.swift in Sources */ = {isa = PBXBuildFile; fileRef = B47CF2572AE68AE200661748 /* Assign 3.swift */; };
		B47CF25A2AE68D3900661748 /* MainStoryBoard.swift in Sources */ = {isa = PBXBuildFile; fileRef = B47CF2592AE68D3900661748 /* MainStoryBoard.swift */; };
		B4D8A8232AE77C2D00931974 /* SignupView.swift in Sources */ = {isa = PBXBuildFile; fileRef = B4D8A8222AE77C2D00931974 /* SignupView.swift */; };
/* End PBXBuildFile section */

/* Begin PBXFileReference section */
		064E857E2AE50F0B00C424A3 /* MyFirstApp.app */ = {isa = PBXFileReference; explicitFileType = wrapper.application; includeInIndex = 0; path = MyFirstApp.app; sourceTree = BUILT_PRODUCTS_DIR; };
		064E85812AE50F0B00C424A3 /* MyFirstAppApp.swift */ = {isa = PBXFileReference; lastKnownFileType = sourcecode.swift; path = MyFirstAppApp.swift; sourceTree = "<group>"; };
		064E85832AE50F0B00C424A3 /* ContentView.swift */ = {isa = PBXFileReference; lastKnownFileType = sourcecode.swift; path = ContentView.swift; sourceTree = "<group>"; };
		064E85852AE50F0D00C424A3 /* Assets.xcassets */ = {isa = PBXFileReference; lastKnownFileType = folder.assetcatalog; path = Assets.xcassets; sourceTree = "<group>"; };
		064E85882AE50F0D00C424A3 /* Preview Assets.xcassets */ = {isa = PBXFileReference; lastKnownFileType = folder.assetcatalog; path = "Preview Assets.xcassets"; sourceTree = "<group>"; };
		B405600C2AE6922300940B9C /* Assignment1.swift */ = {isa = PBXFileReference; lastKnownFileType = sourcecode.swift; path = Assignment1.swift; sourceTree = "<group>"; };
		B40920312AE8F00100DADB99 /* ExploreView.swift */ = {isa = PBXFileReference; lastKnownFileType = sourcecode.swift; path = ExploreView.swift; sourceTree = "<group>"; };
		B40920332AE8F08100DADB99 /* NotificationsView.swift */ = {isa = PBXFileReference; lastKnownFileType = sourcecode.swift; path = NotificationsView.swift; sourceTree = "<group>"; };
		B42D28502AE79A53000667A8 /* SuccessLogin.swift */ = {isa = PBXFileReference; lastKnownFileType = sourcecode.swift; path = SuccessLogin.swift; sourceTree = "<group>"; };
		B42D286E2AE7D6F5000667A8 /* HomeView.swift */ = {isa = PBXFileReference; lastKnownFileType = sourcecode.swift; path = HomeView.swift; sourceTree = "<group>"; };
		B42D28702AE857AC000667A8 /* CheckView.swift */ = {isa = PBXFileReference; lastKnownFileType = sourcecode.swift; path = CheckView.swift; sourceTree = "<group>"; };
		B44BFA5F2AE6EB0800843B5E /* OnBoardingView3.swift */ = {isa = PBXFileReference; lastKnownFileType = sourcecode.swift; path = OnBoardingView3.swift; sourceTree = "<group>"; };
		B44BFA632AE6EB5100843B5E /* OnBoardingView2.swift */ = {isa = PBXFileReference; lastKnownFileType = sourcecode.swift; path = OnBoardingView2.swift; sourceTree = "<group>"; };
		B44BFA652AE6ED7C00843B5E /* MainOnBoardingView.swift */ = {isa = PBXFileReference; lastKnownFileType = sourcecode.swift; path = MainOnBoardingView.swift; sourceTree = "<group>"; };
		B44BFA682AE6FF8300843B5E /* LoginView.swift */ = {isa = PBXFileReference; lastKnownFileType = sourcecode.swift; path = LoginView.swift; sourceTree = "<group>"; };
		B47CF24D2AE6597700661748 /* SplashView.swift */ = {isa = PBXFileReference; lastKnownFileType = sourcecode.swift; path = SplashView.swift; sourceTree = "<group>"; };
		B47CF24F2AE65E7600661748 /* OnBoardingView.swift */ = {isa = PBXFileReference; lastKnownFileType = sourcecode.swift; path = OnBoardingView.swift; sourceTree = "<group>"; };
		B47CF2532AE687FD00661748 /* Assign 1.swift */ = {isa = PBXFileReference; lastKnownFileType = sourcecode.swift; path = "Assign 1.swift"; sourceTree = "<group>"; };
		B47CF2552AE689FA00661748 /* Assign 2.swift */ = {isa = PBXFileReference; lastKnownFileType = sourcecode.swift; path = "Assign 2.swift"; sourceTree = "<group>"; };
		B47CF2572AE68AE200661748 /* Assign 3.swift */ = {isa = PBXFileReference; lastKnownFileType = sourcecode.swift; path = "Assign 3.swift"; sourceTree = "<group>"; };
		B47CF2592AE68D3900661748 /* MainStoryBoard.swift */ = {isa = PBXFileReference; lastKnownFileType = sourcecode.swift; path = MainStoryBoard.swift; sourceTree = "<group>"; };
		B4D8A8222AE77C2D00931974 /* SignupView.swift */ = {isa = PBXFileReference; lastKnownFileType = sourcecode.swift; path = SignupView.swift; sourceTree = "<group>"; };
/* End PBXFileReference section */

/* Begin PBXFrameworksBuildPhase section */
		064E857B2AE50F0B00C424A3 /* Frameworks */ = {
			isa = PBXFrameworksBuildPhase;
			buildActionMask = 2147483647;
			files = (
			);
			runOnlyForDeploymentPostprocessing = 0;
		};
/* End PBXFrameworksBuildPhase section */

/* Begin PBXGroup section */
		064E85752AE50F0B00C424A3 = {
			isa = PBXGroup;
			children = (
				064E85802AE50F0B00C424A3 /* MyFirstApp */,
				064E857F2AE50F0B00C424A3 /* Products */,
			);
			sourceTree = "<group>";
		};
		064E857F2AE50F0B00C424A3 /* Products */ = {
			isa = PBXGroup;
			children = (
				064E857E2AE50F0B00C424A3 /* MyFirstApp.app */,
			);
			name = Products;
			sourceTree = "<group>";
		};
		064E85802AE50F0B00C424A3 /* MyFirstApp */ = {
			isa = PBXGroup;
			children = (
				B42D286C2AE7D6C6000667A8 /* Github pages */,
				B44BFA672AE6FEEF00843B5E /* Assignement 2 */,
				B44BFA5C2AE6EA9B00843B5E /* Assignement 1 */,
				B44BFA5B2AE6E97300843B5E /* ACollaboartion */,
				064E85812AE50F0B00C424A3 /* MyFirstAppApp.swift */,
				064E85852AE50F0D00C424A3 /* Assets.xcassets */,
				064E85872AE50F0D00C424A3 /* Preview Content */,
			);
			path = MyFirstApp;
			sourceTree = "<group>";
		};
		064E85872AE50F0D00C424A3 /* Preview Content */ = {
			isa = PBXGroup;
			children = (
				064E85882AE50F0D00C424A3 /* Preview Assets.xcassets */,
			);
			path = "Preview Content";
			sourceTree = "<group>";
		};
		B42D286C2AE7D6C6000667A8 /* Github pages */ = {
			isa = PBXGroup;
			children = (
				B42D286E2AE7D6F5000667A8 /* HomeView.swift */,
				B40920332AE8F08100DADB99 /* NotificationsView.swift */,
				B40920312AE8F00100DADB99 /* ExploreView.swift */,
				B42D28702AE857AC000667A8 /* CheckView.swift */,
			);
			path = "Github pages";
			sourceTree = "<group>";
		};
		B44BFA5A2AE6E91200843B5E /* StoryBoard */ = {
			isa = PBXGroup;
			children = (
				B47CF2532AE687FD00661748 /* Assign 1.swift */,
				B47CF2552AE689FA00661748 /* Assign 2.swift */,
				B47CF2572AE68AE200661748 /* Assign 3.swift */,
				B47CF2592AE68D3900661748 /* MainStoryBoard.swift */,
			);
			path = StoryBoard;
			sourceTree = "<group>";
		};
		B44BFA5B2AE6E97300843B5E /* ACollaboartion */ = {
			isa = PBXGroup;
			children = (
				B44BFA5A2AE6E91200843B5E /* StoryBoard */,
				B405600C2AE6922300940B9C /* Assignment1.swift */,
			);
			path = ACollaboartion;
			sourceTree = "<group>";
		};
		B44BFA5C2AE6EA9B00843B5E /* Assignement 1 */ = {
			isa = PBXGroup;
			children = (
				B47CF24D2AE6597700661748 /* SplashView.swift */,
				B47CF24F2AE65E7600661748 /* OnBoardingView.swift */,
				B44BFA652AE6ED7C00843B5E /* MainOnBoardingView.swift */,
				B44BFA632AE6EB5100843B5E /* OnBoardingView2.swift */,
				B44BFA5F2AE6EB0800843B5E /* OnBoardingView3.swift */,
				064E85832AE50F0B00C424A3 /* ContentView.swift */,
			);
			path = "Assignement 1";
			sourceTree = "<group>";
		};
		B44BFA672AE6FEEF00843B5E /* Assignement 2 */ = {
			isa = PBXGroup;
			children = (
				B44BFA682AE6FF8300843B5E /* LoginView.swift */,
				B4D8A8222AE77C2D00931974 /* SignupView.swift */,
				B42D28502AE79A53000667A8 /* SuccessLogin.swift */,
			);
			path = "Assignement 2";
			sourceTree = "<group>";
		};
/* End PBXGroup section */

/* Begin PBXNativeTarget section */
		064E857D2AE50F0B00C424A3 /* MyFirstApp */ = {
			isa = PBXNativeTarget;
			buildConfigurationList = 064E858C2AE50F0D00C424A3 /* Build configuration list for PBXNativeTarget "MyFirstApp" */;
			buildPhases = (
				064E857A2AE50F0B00C424A3 /* Sources */,
				064E857B2AE50F0B00C424A3 /* Frameworks */,
				064E857C2AE50F0B00C424A3 /* Resources */,
			);
			buildRules = (
			);
			dependencies = (
			);
			name = MyFirstApp;
			productName = MyFirstApp;
			productReference = 064E857E2AE50F0B00C424A3 /* MyFirstApp.app */;
			productType = "com.apple.product-type.application";
		};
/* End PBXNativeTarget section */

/* Begin PBXProject section */
		064E85762AE50F0B00C424A3 /* Project object */ = {
			isa = PBXProject;
			attributes = {
				BuildIndependentTargetsInParallel = 1;
				LastSwiftUpdateCheck = 1430;
				LastUpgradeCheck = 1430;
				TargetAttributes = {
					064E857D2AE50F0B00C424A3 = {
						CreatedOnToolsVersion = 14.3.1;
					};
				};
			};
			buildConfigurationList = 064E85792AE50F0B00C424A3 /* Build configuration list for PBXProject "MyFirstApp" */;
			compatibilityVersion = "Xcode 14.0";
			developmentRegion = en;
			hasScannedForEncodings = 0;
			knownRegions = (
				en,
				Base,
			);
			mainGroup = 064E85752AE50F0B00C424A3;
			productRefGroup = 064E857F2AE50F0B00C424A3 /* Products */;
			projectDirPath = "";
			projectRoot = "";
			targets = (
				064E857D2AE50F0B00C424A3 /* MyFirstApp */,
			);
		};
/* End PBXProject section */

/* Begin PBXResourcesBuildPhase section */
		064E857C2AE50F0B00C424A3 /* Resources */ = {
			isa = PBXResourcesBuildPhase;
			buildActionMask = 2147483647;
			files = (
				064E85892AE50F0D00C424A3 /* Preview Assets.xcassets in Resources */,
				064E85862AE50F0D00C424A3 /* Assets.xcassets in Resources */,
			);
			runOnlyForDeploymentPostprocessing = 0;
		};
/* End PBXResourcesBuildPhase section */

/* Begin PBXSourcesBuildPhase section */
		064E857A2AE50F0B00C424A3 /* Sources */ = {
			isa = PBXSourcesBuildPhase;
			buildActionMask = 2147483647;
			files = (
				B42D28712AE857AC000667A8 /* CheckView.swift in Sources */,
				B47CF2562AE689FA00661748 /* Assign 2.swift in Sources */,
				B47CF2582AE68AE200661748 /* Assign 3.swift in Sources */,
				B405600D2AE6922300940B9C /* Assignment1.swift in Sources */,
				B44BFA662AE6ED7C00843B5E /* MainOnBoardingView.swift in Sources */,
				B40920342AE8F08100DADB99 /* NotificationsView.swift in Sources */,
				064E85842AE50F0B00C424A3 /* ContentView.swift in Sources */,
				B44BFA642AE6EB5100843B5E /* OnBoardingView2.swift in Sources */,
				B47CF24E2AE6597700661748 /* SplashView.swift in Sources */,
				B47CF2502AE65E7600661748 /* OnBoardingView.swift in Sources */,
				B44BFA692AE6FF8300843B5E /* LoginView.swift in Sources */,
				B40920322AE8F00100DADB99 /* ExploreView.swift in Sources */,
				B4D8A8232AE77C2D00931974 /* SignupView.swift in Sources */,
				B47CF25A2AE68D3900661748 /* MainStoryBoard.swift in Sources */,
				064E85822AE50F0B00C424A3 /* MyFirstAppApp.swift in Sources */,
				B44BFA602AE6EB0800843B5E /* OnBoardingView3.swift in Sources */,
				B42D286F2AE7D6F5000667A8 /* HomeView.swift in Sources */,
				B47CF2542AE687FD00661748 /* Assign 1.swift in Sources */,
				B42D28512AE79A53000667A8 /* SuccessLogin.swift in Sources */,
			);
			runOnlyForDeploymentPostprocessing = 0;
		};
/* End PBXSourcesBuildPhase section */

/* Begin XCBuildConfiguration section */
		064E858A2AE50F0D00C424A3 /* Debug */ = {
			isa = XCBuildConfiguration;
			buildSettings = {
				ALWAYS_SEARCH_USER_PATHS = NO;
				CLANG_ANALYZER_NONNULL = YES;
				CLANG_ANALYZER_NUMBER_OBJECT_CONVERSION = YES_AGGRESSIVE;
				CLANG_CXX_LANGUAGE_STANDARD = "gnu++20";
				CLANG_ENABLE_MODULES = YES;
				CLANG_ENABLE_OBJC_ARC = YES;
				CLANG_ENABLE_OBJC_WEAK = YES;
				CLANG_WARN_BLOCK_CAPTURE_AUTORELEASING = YES;
				CLANG_WARN_BOOL_CONVERSION = YES;
				CLANG_WARN_COMMA = YES;
				CLANG_WARN_CONSTANT_CONVERSION = YES;
				CLANG_WARN_DEPRECATED_OBJC_IMPLEMENTATIONS = YES;
				CLANG_WARN_DIRECT_OBJC_ISA_USAGE = YES_ERROR;
				CLANG_WARN_DOCUMENTATION_COMMENTS = YES;
				CLANG_WARN_EMPTY_BODY = YES;
				CLANG_WARN_ENUM_CONVERSION = YES;
				CLANG_WARN_INFINITE_RECURSION = YES;
				CLANG_WARN_INT_CONVERSION = YES;
				CLANG_WARN_NON_LITERAL_NULL_CONVERSION = YES;
				CLANG_WARN_OBJC_IMPLICIT_RETAIN_SELF = YES;
				CLANG_WARN_OBJC_LITERAL_CONVERSION = YES;
				CLANG_WARN_OBJC_ROOT_CLASS = YES_ERROR;
				CLANG_WARN_QUOTED_INCLUDE_IN_FRAMEWORK_HEADER = YES;
				CLANG_WARN_RANGE_LOOP_ANALYSIS = YES;
				CLANG_WARN_STRICT_PROTOTYPES = YES;
				CLANG_WARN_SUSPICIOUS_MOVE = YES;
				CLANG_WARN_UNGUARDED_AVAILABILITY = YES_AGGRESSIVE;
				CLANG_WARN_UNREACHABLE_CODE = YES;
				CLANG_WARN__DUPLICATE_METHOD_MATCH = YES;
				COPY_PHASE_STRIP = NO;
				DEBUG_INFORMATION_FORMAT = dwarf;
				ENABLE_STRICT_OBJC_MSGSEND = YES;
				ENABLE_TESTABILITY = YES;
				GCC_C_LANGUAGE_STANDARD = gnu11;
				GCC_DYNAMIC_NO_PIC = NO;
				GCC_NO_COMMON_BLOCKS = YES;
				GCC_OPTIMIZATION_LEVEL = 0;
				GCC_PREPROCESSOR_DEFINITIONS = (
					"DEBUG=1",
					"$(inherited)",
				);
				GCC_WARN_64_TO_32_BIT_CONVERSION = YES;
				GCC_WARN_ABOUT_RETURN_TYPE = YES_ERROR;
				GCC_WARN_UNDECLARED_SELECTOR = YES;
				GCC_WARN_UNINITIALIZED_AUTOS = YES_AGGRESSIVE;
				GCC_WARN_UNUSED_FUNCTION = YES;
				GCC_WARN_UNUSED_VARIABLE = YES;
				IPHONEOS_DEPLOYMENT_TARGET = 16.4;
				MTL_ENABLE_DEBUG_INFO = INCLUDE_SOURCE;
				MTL_FAST_MATH = YES;
				ONLY_ACTIVE_ARCH = YES;
				SDKROOT = iphoneos;
				SWIFT_ACTIVE_COMPILATION_CONDITIONS = DEBUG;
				SWIFT_OPTIMIZATION_LEVEL = "-Onone";
			};
			name = Debug;
		};
		064E858B2AE50F0D00C424A3 /* Release */ = {
			isa = XCBuildConfiguration;
			buildSettings = {
				ALWAYS_SEARCH_USER_PATHS = NO;
				CLANG_ANALYZER_NONNULL = YES;
				CLANG_ANALYZER_NUMBER_OBJECT_CONVERSION = YES_AGGRESSIVE;
				CLANG_CXX_LANGUAGE_STANDARD = "gnu++20";
				CLANG_ENABLE_MODULES = YES;
				CLANG_ENABLE_OBJC_ARC = YES;
				CLANG_ENABLE_OBJC_WEAK = YES;
				CLANG_WARN_BLOCK_CAPTURE_AUTORELEASING = YES;
				CLANG_WARN_BOOL_CONVERSION = YES;
				CLANG_WARN_COMMA = YES;
				CLANG_WARN_CONSTANT_CONVERSION = YES;
				CLANG_WARN_DEPRECATED_OBJC_IMPLEMENTATIONS = YES;
				CLANG_WARN_DIRECT_OBJC_ISA_USAGE = YES_ERROR;
				CLANG_WARN_DOCUMENTATION_COMMENTS = YES;
				CLANG_WARN_EMPTY_BODY = YES;
				CLANG_WARN_ENUM_CONVERSION = YES;
				CLANG_WARN_INFINITE_RECURSION = YES;
				CLANG_WARN_INT_CONVERSION = YES;
				CLANG_WARN_NON_LITERAL_NULL_CONVERSION = YES;
				CLANG_WARN_OBJC_IMPLICIT_RETAIN_SELF = YES;
				CLANG_WARN_OBJC_LITERAL_CONVERSION = YES;
				CLANG_WARN_OBJC_ROOT_CLASS = YES_ERROR;
				CLANG_WARN_QUOTED_INCLUDE_IN_FRAMEWORK_HEADER = YES;
				CLANG_WARN_RANGE_LOOP_ANALYSIS = YES;
				CLANG_WARN_STRICT_PROTOTYPES = YES;
				CLANG_WARN_SUSPICIOUS_MOVE = YES;
				CLANG_WARN_UNGUARDED_AVAILABILITY = YES_AGGRESSIVE;
				CLANG_WARN_UNREACHABLE_CODE = YES;
				CLANG_WARN__DUPLICATE_METHOD_MATCH = YES;
				COPY_PHASE_STRIP = NO;
				DEBUG_INFORMATION_FORMAT = "dwarf-with-dsym";
				ENABLE_NS_ASSERTIONS = NO;
				ENABLE_STRICT_OBJC_MSGSEND = YES;
				GCC_C_LANGUAGE_STANDARD = gnu11;
				GCC_NO_COMMON_BLOCKS = YES;
				GCC_WARN_64_TO_32_BIT_CONVERSION = YES;
				GCC_WARN_ABOUT_RETURN_TYPE = YES_ERROR;
				GCC_WARN_UNDECLARED_SELECTOR = YES;
				GCC_WARN_UNINITIALIZED_AUTOS = YES_AGGRESSIVE;
				GCC_WARN_UNUSED_FUNCTION = YES;
				GCC_WARN_UNUSED_VARIABLE = YES;
				IPHONEOS_DEPLOYMENT_TARGET = 16.4;
				MTL_ENABLE_DEBUG_INFO = NO;
				MTL_FAST_MATH = YES;
				SDKROOT = iphoneos;
				SWIFT_COMPILATION_MODE = wholemodule;
				SWIFT_OPTIMIZATION_LEVEL = "-O";
				VALIDATE_PRODUCT = YES;
			};
			name = Release;
		};
		064E858D2AE50F0D00C424A3 /* Debug */ = {
			isa = XCBuildConfiguration;
			buildSettings = {
				ASSETCATALOG_COMPILER_APPICON_NAME = AppIcon;
				ASSETCATALOG_COMPILER_GLOBAL_ACCENT_COLOR_NAME = AccentColor;
				CODE_SIGN_STYLE = Automatic;
				CURRENT_PROJECT_VERSION = 1;
				DEVELOPMENT_ASSET_PATHS = "\"MyFirstApp/Preview Content\"";
				DEVELOPMENT_TEAM = RVKBN5RV4F;
				ENABLE_PREVIEWS = YES;
				GENERATE_INFOPLIST_FILE = YES;
				INFOPLIST_KEY_UIApplicationSceneManifest_Generation = YES;
				INFOPLIST_KEY_UIApplicationSupportsIndirectInputEvents = YES;
				INFOPLIST_KEY_UILaunchScreen_Generation = YES;
				INFOPLIST_KEY_UISupportedInterfaceOrientations_iPad = "UIInterfaceOrientationPortrait UIInterfaceOrientationPortraitUpsideDown UIInterfaceOrientationLandscapeLeft UIInterfaceOrientationLandscapeRight";
				INFOPLIST_KEY_UISupportedInterfaceOrientations_iPhone = "UIInterfaceOrientationPortrait UIInterfaceOrientationLandscapeLeft UIInterfaceOrientationLandscapeRight";
				IPHONEOS_DEPLOYMENT_TARGET = 17.0;
				LD_RUNPATH_SEARCH_PATHS = (
					"$(inherited)",
					"@executable_path/Frameworks",
				);
				MARKETING_VERSION = 1.0;
				PRODUCT_BUNDLE_IDENTIFIER = com.example.MyFirstApp;
				PRODUCT_NAME = "$(TARGET_NAME)";
				SWIFT_EMIT_LOC_STRINGS = YES;
				SWIFT_VERSION = 5.0;
				TARGETED_DEVICE_FAMILY = "1,2";
			};
			name = Debug;
		};
		064E858E2AE50F0D00C424A3 /* Release */ = {
			isa = XCBuildConfiguration;
			buildSettings = {
				ASSETCATALOG_COMPILER_APPICON_NAME = AppIcon;
				ASSETCATALOG_COMPILER_GLOBAL_ACCENT_COLOR_NAME = AccentColor;
				CODE_SIGN_STYLE = Automatic;
				CURRENT_PROJECT_VERSION = 1;
				DEVELOPMENT_ASSET_PATHS = "\"MyFirstApp/Preview Content\"";
				DEVELOPMENT_TEAM = RVKBN5RV4F;
				ENABLE_PREVIEWS = YES;
				GENERATE_INFOPLIST_FILE = YES;
				INFOPLIST_KEY_UIApplicationSceneManifest_Generation = YES;
				INFOPLIST_KEY_UIApplicationSupportsIndirectInputEvents = YES;
				INFOPLIST_KEY_UILaunchScreen_Generation = YES;
				INFOPLIST_KEY_UISupportedInterfaceOrientations_iPad = "UIInterfaceOrientationPortrait UIInterfaceOrientationPortraitUpsideDown UIInterfaceOrientationLandscapeLeft UIInterfaceOrientationLandscapeRight";
				INFOPLIST_KEY_UISupportedInterfaceOrientations_iPhone = "UIInterfaceOrientationPortrait UIInterfaceOrientationLandscapeLeft UIInterfaceOrientationLandscapeRight";
				IPHONEOS_DEPLOYMENT_TARGET = 17.0;
				LD_RUNPATH_SEARCH_PATHS = (
					"$(inherited)",
					"@executable_path/Frameworks",
				);
				MARKETING_VERSION = 1.0;
				PRODUCT_BUNDLE_IDENTIFIER = com.example.MyFirstApp;
				PRODUCT_NAME = "$(TARGET_NAME)";
				SWIFT_EMIT_LOC_STRINGS = YES;
				SWIFT_VERSION = 5.0;
				TARGETED_DEVICE_FAMILY = "1,2";
			};
			name = Release;
		};
/* End XCBuildConfiguration section */

/* Begin XCConfigurationList section */
		064E85792AE50F0B00C424A3 /* Build configuration list for PBXProject "MyFirstApp" */ = {
			isa = XCConfigurationList;
			buildConfigurations = (
				064E858A2AE50F0D00C424A3 /* Debug */,
				064E858B2AE50F0D00C424A3 /* Release */,
			);
			defaultConfigurationIsVisible = 0;
			defaultConfigurationName = Release;
		};
		064E858C2AE50F0D00C424A3 /* Build configuration list for PBXNativeTarget "MyFirstApp" */ = {
			isa = XCConfigurationList;
			buildConfigurations = (
				064E858D2AE50F0D00C424A3 /* Debug */,
				064E858E2AE50F0D00C424A3 /* Release */,
			);
			defaultConfigurationIsVisible = 0;
			defaultConfigurationName = Release;
		};
/* End XCConfigurationList section */
	};
	rootObject = 064E85762AE50F0B00C424A3 /* Project object */;
}
